
Microsoft Visual Studio Solution File, Format Version 11.00
# Visual Studio 2010
Project("{FAE04EC0-301F-11D3-BF4B-00C04F79EFBC}") = "DynamicDataDisplay", "..\..\DynamicDataDisplay\DynamicDataDisplay.csproj", "{ECD37682-DF7E-409F-912D-0965634556B5}"
EndProject
Project("{FAE04EC0-301F-11D3-BF4B-00C04F79EFBC}") = "DynamicDataDisplay.Maps", "..\..\DynamicDataDisplay.Maps\DynamicDataDisplay.Maps.csproj", "{EB04A4CD-DDE6-49EB-8FB6-39B35482D792}"
EndProject
Project("{FAE04EC0-301F-11D3-BF4B-00C04F79EFBC}") = "DynamicDataDisplay.SampleDataSources", "..\..\DynamicDataDisplay.SampleDataSources\DynamicDataDisplay.SampleDataSources.csproj", "{5B37453D-5AE8-4BD2-92FE-0A3AD9B18848}"
EndProject
Project("{FAE04EC0-301F-11D3-BF4B-00C04F79EFBC}") = "StreamLines+Emitter+Sections1D", "..\StreamLine.WPF.App\StreamLines+Emitter+Sections1D.csproj", "{99206926-ACD1-4399-AF1B-36E67A7299CF}"
EndProject
Project("{FAE04EC0-301F-11D3-BF4B-00C04F79EFBC}") = "DynamicDataDisplay.Tests", "..\..\DynamicDataDisplay.Tests\DynamicDataDisplay.Tests.csproj", "{EA2C1BAD-34E3-4EEB-80AF-CBE49BCBA48B}"
EndProject
Project("{FAE04EC0-301F-11D3-BF4B-00C04F79EFBC}") = "2D convolution on 3D", "..\VectorField3D.WPF.App\2D convolution on 3D.csproj", "{998659AB-576D-494A-A7A1-F68D3160E5C7}"
EndProject
Project("{FAE04EC0-301F-11D3-BF4B-00C04F79EFBC}") = "AnimatedStreamLine.WPF.App", "..\AnimatedStreamLine.WPF.App\AnimatedStreamLine.WPF.App.csproj", "{93337814-49AD-4124-B231-B7CD10C8451F}"
EndProject
Project("{FAE04EC0-301F-11D3-BF4B-00C04F79EFBC}") = "3DTools", "..\..\3DTools\3DTools.csproj", "{5F603892-DE40-4246-A969-1C6717AFE35D}"
EndProject
Project("{FAE04EC0-301F-11D3-BF4B-00C04F79EFBC}") = "Petzold.Media3D", "..\..\Petzold.Media3D\Petzold.Media3D.csproj", "{BEBED159-4DB6-4550-8342-7F3607177B71}"
EndProject
Project("{2150E333-8FDC-42A3-9474-1A3956D46DE8}") = "Solution Items", "Solution Items", "{18DD8E13-C89E-452B-9031-5469E7E55983}"
	ProjectSection(SolutionItems) = preProject
		D3-Line-in-3D.vsmdi = D3-Line-in-3D.vsmdi
	EndProjectSection
EndProject
Project("{FAE04EC0-301F-11D3-BF4B-00C04F79EFBC}") = "Convolution.App", "..\Convolution.App\Convolution.App.csproj", "{20589741-4E2E-4A27-9E6C-4F1822DE26F4}"
EndProject
Project("{2150E333-8FDC-42A3-9474-1A3956D46DE8}") = "Samples", "Samples", "{DB1FA79D-D100-462A-A78A-33A2BC88FC71}"
EndProject
Project("{2150E333-8FDC-42A3-9474-1A3956D46DE8}") = "Core", "Core", "{D38ED498-E823-48BD-A491-D3720446865F}"
EndProject
Project("{FAE04EC0-301F-11D3-BF4B-00C04F79EFBC}") = "VectorField2D.App", "..\VectorField2D.App\VectorField2D.App.csproj", "{1EA9CE32-6F46-4C48-AA53-63D115CF5D25}"
EndProject
Project("{FAE04EC0-301F-11D3-BF4B-00C04F79EFBC}") = "CustomPlacedDataSource.Streamlines", "..\CustomPlacedDataSource.Streamlines\CustomPlacedDataSource.Streamlines.csproj", "{5A690D7F-99D6-450F-A251-E0D59BF6D67E}"
EndProject
Project("{FAE04EC0-301F-11D3-BF4B-00C04F79EFBC}") = "ParallelBenchmark", "..\ParallelBenchmark\ParallelBenchmark.csproj", "{667D8F84-8420-4DD6-BEC6-2159EFA09311}"
EndProject
Project("{FAE04EC0-301F-11D3-BF4B-00C04F79EFBC}") = "Streamline3D", "..\..\VectorFields\Streamline3D\Streamline3D.csproj", "{AA77C6B2-7267-41E0-966A-29538E0B261B}"
EndProject
Project("{FAE04EC0-301F-11D3-BF4B-00C04F79EFBC}") = "IsoSurface", "..\IsoSurface\IsoSurface.csproj", "{DD7E5FA0-9D57-405B-9A19-A55E15F93EA4}"
EndProject
Project("{FAE04EC0-301F-11D3-BF4B-00C04F79EFBC}") = "FluidDynamics", "..\..\..\..\..\..\..\ScientificStudio\DynamicDataDisplay\Diplom\DynamicDataDisplay\Main\src\DevSamples\FluidDynamics\FluidDynamics.csproj", "{7B0573AD-3E1F-4903-A948-93A6CF2C511D}"
EndProject
Project("{FAE04EC0-301F-11D3-BF4B-00C04F79EFBC}") = "Section with potentials", "..\..\..\..\..\..\..\ScientificStudio\DynamicDataDisplay\Diplom\DynamicDataDisplay\Main\src\DevSamples\Section with potentials\Section with potentials.csproj", "{13E61C20-323B-4052-9F6E-E248B93939F5}"
EndProject
Project("{FAE04EC0-301F-11D3-BF4B-00C04F79EFBC}") = "Section+LIC", "..\..\..\..\..\..\..\ScientificStudio\DynamicDataDisplay\Diplom\DynamicDataDisplay\Main\src\DevSamples\Section+LIC\Section+LIC.csproj", "{9C4F99AB-6567-4EA9-8907-8A883FFF511A}"
EndProject
Global
	GlobalSection(TeamFoundationVersionControl) = preSolution
		SccNumberOfProjects = 21
		SccEnterpriseProvider = {4CA58AB2-18FA-4F8D-95D4-32DDF27D184C}
		SccTeamFoundationServer = https://depot.cs.msu.su:8081/tfs/mstlab
		SccLocalPath0 = .
		SccProjectUniqueName1 = ..\\..\\3DTools\\3DTools.csproj
		SccProjectTopLevelParentUniqueName1 = D3-Line-in-3D.sln
		SccProjectName1 = ../../../src/3DTools
		SccLocalPath1 = ..\\..\\3DTools
		SccProjectUniqueName2 = ..\\AnimatedStreamLine.WPF.App\\AnimatedStreamLine.WPF.App.csproj
		SccProjectTopLevelParentUniqueName2 = D3-Line-in-3D.sln
		SccProjectName2 = ../../../src/DevSamples/AnimatedStreamLine.WPF.App
		SccLocalPath2 = ..\\AnimatedStreamLine.WPF.App
		SccProjectUniqueName3 = ..\\Convolution.App\\Convolution.App.csproj
		SccProjectTopLevelParentUniqueName3 = D3-Line-in-3D.sln
		SccProjectName3 = ../../../src/DevSamples/Convolution.App
		SccLocalPath3 = ..\\Convolution.App
		SccProjectUniqueName4 = ..\\CustomPlacedDataSource.Streamlines\\CustomPlacedDataSource.Streamlines.csproj
		SccProjectTopLevelParentUniqueName4 = D3-Line-in-3D.sln
		SccProjectName4 = ../../../src/DevSamples/CustomPlacedDataSource.Streamlines
		SccLocalPath4 = ..\\CustomPlacedDataSource.Streamlines
		SccProjectUniqueName5 = ..\\Lines2D.App\\1D\u0020line\u0020of\u002050000\u0020pts.csproj
		SccProjectTopLevelParentUniqueName5 = D3-Line-in-3D.sln
		SccProjectName5 = ../../../src/DevSamples/Lines2D.App
		SccLocalPath5 = ..\\Lines2D.App
		SccProjectUniqueName6 = ..\\Lines3D\\Lines3D+Section2D.csproj
		SccProjectTopLevelParentUniqueName6 = D3-Line-in-3D.sln
		SccProjectName6 = ../../../src/DevSamples/Lines3D
		SccLocalPath6 = ..\\Lines3D
		SccProjectUniqueName7 = ..\\ParallelBenchmark\\ParallelBenchmark.csproj
		SccProjectTopLevelParentUniqueName7 = D3-Line-in-3D.sln
		SccProjectName7 = ../../../src/DevSamples/ParallelBenchmark
		SccLocalPath7 = ..\\ParallelBenchmark
		SccProjectUniqueName8 = ..\\StreamLine.WPF.App\\StreamLines+Emitter+Sections1D.csproj
		SccProjectTopLevelParentUniqueName8 = D3-Line-in-3D.sln
		SccProjectName8 = ../../../src/DevSamples/StreamLine.WPF.App
		SccLocalPath8 = ..\\StreamLine.WPF.App
		SccProjectUniqueName9 = ..\\VectorField2D.App\\VectorField2D.App.csproj
		SccProjectTopLevelParentUniqueName9 = D3-Line-in-3D.sln
		SccProjectName9 = ../../../src/DevSamples/VectorField2D.App
		SccLocalPath9 = ..\\VectorField2D.App
		SccProjectUniqueName10 = ..\\VectorField3D.WPF.App\\2D\u0020convolution\u0020on\u00203D.csproj
		SccProjectTopLevelParentUniqueName10 = D3-Line-in-3D.sln
		SccProjectName10 = ../../../src/DevSamples/VectorField3D.WPF.App
		SccLocalPath10 = ..\\VectorField3D.WPF.App
		SccProjectUniqueName11 = ..\\..\\DynamicDataDisplay.SampleDataSources\\DynamicDataDisplay.SampleDataSources.csproj
		SccProjectTopLevelParentUniqueName11 = D3-Line-in-3D.sln
		SccProjectName11 = ../../../src/DynamicDataDisplay.SampleDataSources
		SccLocalPath11 = ..\\..\\DynamicDataDisplay.SampleDataSources
		SccProjectUniqueName12 = ..\\..\\DynamicDataDisplay.Tests\\DynamicDataDisplay.Tests.csproj
		SccProjectTopLevelParentUniqueName12 = D3-Line-in-3D.sln
		SccProjectName12 = ../../../src/DynamicDataDisplay.Tests
		SccLocalPath12 = ..\\..\\DynamicDataDisplay.Tests
		SccProjectUniqueName13 = ..\\..\\DynamicDataDisplay\\DynamicDataDisplay.csproj
		SccProjectTopLevelParentUniqueName13 = D3-Line-in-3D.sln
		SccProjectName13 = ../../../src/DynamicDataDisplay
		SccLocalPath13 = ..\\..\\DynamicDataDisplay
		SccProjectUniqueName14 = ..\\..\\Petzold.Media3D\\Petzold.Media3D.csproj
		SccProjectTopLevelParentUniqueName14 = D3-Line-in-3D.sln
		SccProjectName14 = ../../../src/Petzold.Media3D
		SccLocalPath14 = ..\\..\\Petzold.Media3D
		SccProjectUniqueName15 = ..\\..\\VectorFields\\Streamline3D\\Streamline3D.csproj
		SccProjectTopLevelParentUniqueName15 = D3-Line-in-3D.sln
		SccProjectName15 = ../../../src/VectorFields/Streamline3D
		SccLocalPath15 = ..\\..\\VectorFields\\Streamline3D
		SccProjectUniqueName16 = ..\\IsoSurface\\IsoSurface.csproj
		SccProjectTopLevelParentUniqueName16 = D3-Line-in-3D.sln
		SccProjectName16 = ../../../src/DevSamples/IsoSurface
		SccLocalPath16 = ..\\IsoSurface
		SccProjectUniqueName17 = ..\\..\\DynamicDataDisplay.Maps\\DynamicDataDisplay.Maps.csproj
		SccProjectName17 = ../../../src/DynamicDataDisplay.Maps
		SccLocalPath17 = ..\\..\\DynamicDataDisplay.Maps
		SccProjectUniqueName18 = ..\\..\\..\\..\\..\\..\\..\\ScientificStudio\\DynamicDataDisplay\\Diplom\\DynamicDataDisplay\\Main\\src\\DevSamples\\FluidDynamics\\FluidDynamics.csproj
		SccProjectTopLevelParentUniqueName18 = D3-Line-in-3D.sln
		SccProjectName18 = ../../../src/DevSamples/FluidDynamics
		SccLocalPath18 = ..\\..\\..\\..\\..\\..\\..\\ScientificStudio\\DynamicDataDisplay\\Diplom\\DynamicDataDisplay\\Main\\src\\DevSamples\\FluidDynamics
		SccProjectUniqueName19 = ..\\..\\..\\..\\..\\..\\..\\ScientificStudio\\DynamicDataDisplay\\Diplom\\DynamicDataDisplay\\Main\\src\\DevSamples\\Section\u0020with\u0020potentials\\Section\u0020with\u0020potentials.csproj
		SccProjectTopLevelParentUniqueName19 = D3-Line-in-3D.sln
		SccProjectName19 = ../../../src/DevSamples/Section\u0020with\u0020potentials
		SccLocalPath19 = ..\\..\\..\\..\\..\\..\\..\\ScientificStudio\\DynamicDataDisplay\\Diplom\\DynamicDataDisplay\\Main\\src\\DevSamples\\Section\u0020with\u0020potentials
		SccProjectUniqueName20 = ..\\..\\..\\..\\..\\..\\..\\ScientificStudio\\DynamicDataDisplay\\Diplom\\DynamicDataDisplay\\Main\\src\\DevSamples\\Section+LIC\\Section+LIC.csproj
		SccProjectTopLevelParentUniqueName20 = D3-Line-in-3D.sln
		SccProjectName20 = ../../../src/DevSamples/Section+LIC
		SccLocalPath20 = ..\\..\\..\\..\\..\\..\\..\\ScientificStudio\\DynamicDataDisplay\\Diplom\\DynamicDataDisplay\\Main\\src\\DevSamples\\Section+LIC
	EndGlobalSection
	GlobalSection(TestCaseManagementSettings) = postSolution
		CategoryFile = D3-Line-in-3D.vsmdi
	EndGlobalSection
	GlobalSection(SolutionConfigurationPlatforms) = preSolution
		Debug|Any CPU = Debug|Any CPU
		Debug|Mixed Platforms = Debug|Mixed Platforms
		Debug|x64 = Debug|x64
		Debug|x86 = Debug|x86
		Release|Any CPU = Release|Any CPU
		Release|Mixed Platforms = Release|Mixed Platforms
		Release|x64 = Release|x64
		Release|x86 = Release|x86
		ReleaseXBAP|Any CPU = ReleaseXBAP|Any CPU
		ReleaseXBAP|Mixed Platforms = ReleaseXBAP|Mixed Platforms
		ReleaseXBAP|x64 = ReleaseXBAP|x64
		ReleaseXBAP|x86 = ReleaseXBAP|x86
	EndGlobalSection
	GlobalSection(ProjectConfigurationPlatforms) = postSolution
		{ECD37682-DF7E-409F-912D-0965634556B5}.Debug|Any CPU.ActiveCfg = Debug|Any CPU
		{ECD37682-DF7E-409F-912D-0965634556B5}.Debug|Any CPU.Build.0 = Debug|Any CPU
		{ECD37682-DF7E-409F-912D-0965634556B5}.Debug|Mixed Platforms.ActiveCfg = Debug|Any CPU
		{ECD37682-DF7E-409F-912D-0965634556B5}.Debug|Mixed Platforms.Build.0 = Debug|Any CPU
		{ECD37682-DF7E-409F-912D-0965634556B5}.Debug|x64.ActiveCfg = Debug|Any CPU
		{ECD37682-DF7E-409F-912D-0965634556B5}.Debug|x86.ActiveCfg = Debug|Any CPU
		{ECD37682-DF7E-409F-912D-0965634556B5}.Release|Any CPU.ActiveCfg = Release|Any CPU
		{ECD37682-DF7E-409F-912D-0965634556B5}.Release|Any CPU.Build.0 = Release|Any CPU
		{ECD37682-DF7E-409F-912D-0965634556B5}.Release|Mixed Platforms.ActiveCfg = Release|Any CPU
		{ECD37682-DF7E-409F-912D-0965634556B5}.Release|Mixed Platforms.Build.0 = Release|Any CPU
		{ECD37682-DF7E-409F-912D-0965634556B5}.Release|x64.ActiveCfg = Release|Any CPU
		{ECD37682-DF7E-409F-912D-0965634556B5}.Release|x86.ActiveCfg = Release|Any CPU
		{ECD37682-DF7E-409F-912D-0965634556B5}.ReleaseXBAP|Any CPU.ActiveCfg = ReleaseXBAP|Any CPU
		{ECD37682-DF7E-409F-912D-0965634556B5}.ReleaseXBAP|Any CPU.Build.0 = ReleaseXBAP|Any CPU
		{ECD37682-DF7E-409F-912D-0965634556B5}.ReleaseXBAP|Mixed Platforms.ActiveCfg = ReleaseXBAP|Any CPU
		{ECD37682-DF7E-409F-912D-0965634556B5}.ReleaseXBAP|Mixed Platforms.Build.0 = ReleaseXBAP|Any CPU
		{ECD37682-DF7E-409F-912D-0965634556B5}.ReleaseXBAP|x64.ActiveCfg = ReleaseXBAP|Any CPU
		{ECD37682-DF7E-409F-912D-0965634556B5}.ReleaseXBAP|x86.ActiveCfg = ReleaseXBAP|Any CPU
		{EB04A4CD-DDE6-49EB-8FB6-39B35482D792}.Debug|Any CPU.ActiveCfg = Debug|Any CPU
		{EB04A4CD-DDE6-49EB-8FB6-39B35482D792}.Debug|Any CPU.Build.0 = Debug|Any CPU
		{EB04A4CD-DDE6-49EB-8FB6-39B35482D792}.Debug|Mixed Platforms.ActiveCfg = Debug|Any CPU
		{EB04A4CD-DDE6-49EB-8FB6-39B35482D792}.Debug|Mixed Platforms.Build.0 = Debug|Any CPU
		{EB04A4CD-DDE6-49EB-8FB6-39B35482D792}.Debug|x64.ActiveCfg = Debug|Any CPU
		{EB04A4CD-DDE6-49EB-8FB6-39B35482D792}.Debug|x86.ActiveCfg = Debug|Any CPU
		{EB04A4CD-DDE6-49EB-8FB6-39B35482D792}.Release|Any CPU.ActiveCfg = Release|Any CPU
		{EB04A4CD-DDE6-49EB-8FB6-39B35482D792}.Release|Any CPU.Build.0 = Release|Any CPU
		{EB04A4CD-DDE6-49EB-8FB6-39B35482D792}.Release|Mixed Platforms.ActiveCfg = Release|Any CPU
		{EB04A4CD-DDE6-49EB-8FB6-39B35482D792}.Release|Mixed Platforms.Build.0 = Release|Any CPU
		{EB04A4CD-DDE6-49EB-8FB6-39B35482D792}.Release|x64.ActiveCfg = Release|Any CPU
		{EB04A4CD-DDE6-49EB-8FB6-39B35482D792}.Release|x86.ActiveCfg = Release|Any CPU
		{EB04A4CD-DDE6-49EB-8FB6-39B35482D792}.ReleaseXBAP|Any CPU.ActiveCfg = ReleaseXBAP|Any CPU
		{EB04A4CD-DDE6-49EB-8FB6-39B35482D792}.ReleaseXBAP|Any CPU.Build.0 = ReleaseXBAP|Any CPU
		{EB04A4CD-DDE6-49EB-8FB6-39B35482D792}.ReleaseXBAP|Mixed Platforms.ActiveCfg = ReleaseXBAP|Any CPU
		{EB04A4CD-DDE6-49EB-8FB6-39B35482D792}.ReleaseXBAP|Mixed Platforms.Build.0 = ReleaseXBAP|Any CPU
		{EB04A4CD-DDE6-49EB-8FB6-39B35482D792}.ReleaseXBAP|x64.ActiveCfg = ReleaseXBAP|Any CPU
		{EB04A4CD-DDE6-49EB-8FB6-39B35482D792}.ReleaseXBAP|x86.ActiveCfg = ReleaseXBAP|Any CPU
		{5B37453D-5AE8-4BD2-92FE-0A3AD9B18848}.Debug|Any CPU.ActiveCfg = Debug|Any CPU
		{5B37453D-5AE8-4BD2-92FE-0A3AD9B18848}.Debug|Any CPU.Build.0 = Debug|Any CPU
		{5B37453D-5AE8-4BD2-92FE-0A3AD9B18848}.Debug|Mixed Platforms.ActiveCfg = Debug|Any CPU
		{5B37453D-5AE8-4BD2-92FE-0A3AD9B18848}.Debug|Mixed Platforms.Build.0 = Debug|Any CPU
		{5B37453D-5AE8-4BD2-92FE-0A3AD9B18848}.Debug|x64.ActiveCfg = Debug|Any CPU
		{5B37453D-5AE8-4BD2-92FE-0A3AD9B18848}.Debug|x86.ActiveCfg = Debug|Any CPU
		{5B37453D-5AE8-4BD2-92FE-0A3AD9B18848}.Release|Any CPU.ActiveCfg = Release|Any CPU
		{5B37453D-5AE8-4BD2-92FE-0A3AD9B18848}.Release|Any CPU.Build.0 = Release|Any CPU
		{5B37453D-5AE8-4BD2-92FE-0A3AD9B18848}.Release|Mixed Platforms.ActiveCfg = Release|Any CPU
		{5B37453D-5AE8-4BD2-92FE-0A3AD9B18848}.Release|Mixed Platforms.Build.0 = Release|Any CPU
		{5B37453D-5AE8-4BD2-92FE-0A3AD9B18848}.Release|x64.ActiveCfg = Release|Any CPU
		{5B37453D-5AE8-4BD2-92FE-0A3AD9B18848}.Release|x86.ActiveCfg = Release|Any CPU
		{5B37453D-5AE8-4BD2-92FE-0A3AD9B18848}.ReleaseXBAP|Any CPU.ActiveCfg = Release|Any CPU
		{5B37453D-5AE8-4BD2-92FE-0A3AD9B18848}.ReleaseXBAP|Any CPU.Build.0 = Release|Any CPU
		{5B37453D-5AE8-4BD2-92FE-0A3AD9B18848}.ReleaseXBAP|Mixed Platforms.ActiveCfg = Release|Any CPU
		{5B37453D-5AE8-4BD2-92FE-0A3AD9B18848}.ReleaseXBAP|Mixed Platforms.Build.0 = Release|Any CPU
		{5B37453D-5AE8-4BD2-92FE-0A3AD9B18848}.ReleaseXBAP|x64.ActiveCfg = Release|Any CPU
		{5B37453D-5AE8-4BD2-92FE-0A3AD9B18848}.ReleaseXBAP|x86.ActiveCfg = Release|Any CPU
		{99206926-ACD1-4399-AF1B-36E67A7299CF}.Debug|Any CPU.ActiveCfg = Debug|x86
		{99206926-ACD1-4399-AF1B-36E67A7299CF}.Debug|Mixed Platforms.ActiveCfg = Debug|x86
		{99206926-ACD1-4399-AF1B-36E67A7299CF}.Debug|Mixed Platforms.Build.0 = Debug|x86
		{99206926-ACD1-4399-AF1B-36E67A7299CF}.Debug|x64.ActiveCfg = Debug|x86
		{99206926-ACD1-4399-AF1B-36E67A7299CF}.Debug|x86.ActiveCfg = Debug|x86
		{99206926-ACD1-4399-AF1B-36E67A7299CF}.Debug|x86.Build.0 = Debug|x86
		{99206926-ACD1-4399-AF1B-36E67A7299CF}.Release|Any CPU.ActiveCfg = Release|x86
		{99206926-ACD1-4399-AF1B-36E67A7299CF}.Release|Mixed Platforms.ActiveCfg = Release|x86
		{99206926-ACD1-4399-AF1B-36E67A7299CF}.Release|Mixed Platforms.Build.0 = Release|x86
		{99206926-ACD1-4399-AF1B-36E67A7299CF}.Release|x64.ActiveCfg = Release|x86
		{99206926-ACD1-4399-AF1B-36E67A7299CF}.Release|x86.ActiveCfg = Release|x86
		{99206926-ACD1-4399-AF1B-36E67A7299CF}.Release|x86.Build.0 = Release|x86
		{99206926-ACD1-4399-AF1B-36E67A7299CF}.ReleaseXBAP|Any CPU.ActiveCfg = Release|x86
		{99206926-ACD1-4399-AF1B-36E67A7299CF}.ReleaseXBAP|Mixed Platforms.ActiveCfg = Release|x86
		{99206926-ACD1-4399-AF1B-36E67A7299CF}.ReleaseXBAP|Mixed Platforms.Build.0 = Release|x86
		{99206926-ACD1-4399-AF1B-36E67A7299CF}.ReleaseXBAP|x64.ActiveCfg = Release|x86
		{99206926-ACD1-4399-AF1B-36E67A7299CF}.ReleaseXBAP|x86.ActiveCfg = Release|x86
		{99206926-ACD1-4399-AF1B-36E67A7299CF}.ReleaseXBAP|x86.Build.0 = Release|x86
		{EA2C1BAD-34E3-4EEB-80AF-CBE49BCBA48B}.Debug|Any CPU.ActiveCfg = Debug|Any CPU
		{EA2C1BAD-34E3-4EEB-80AF-CBE49BCBA48B}.Debug|Any CPU.Build.0 = Debug|Any CPU
		{EA2C1BAD-34E3-4EEB-80AF-CBE49BCBA48B}.Debug|Mixed Platforms.ActiveCfg = Debug|Any CPU
		{EA2C1BAD-34E3-4EEB-80AF-CBE49BCBA48B}.Debug|Mixed Platforms.Build.0 = Debug|Any CPU
		{EA2C1BAD-34E3-4EEB-80AF-CBE49BCBA48B}.Debug|x64.ActiveCfg = Debug|Any CPU
		{EA2C1BAD-34E3-4EEB-80AF-CBE49BCBA48B}.Debug|x86.ActiveCfg = Debug|Any CPU
		{EA2C1BAD-34E3-4EEB-80AF-CBE49BCBA48B}.Release|Any CPU.ActiveCfg = Release|Any CPU
		{EA2C1BAD-34E3-4EEB-80AF-CBE49BCBA48B}.Release|Any CPU.Build.0 = Release|Any CPU
		{EA2C1BAD-34E3-4EEB-80AF-CBE49BCBA48B}.Release|Mixed Platforms.ActiveCfg = Release|Any CPU
		{EA2C1BAD-34E3-4EEB-80AF-CBE49BCBA48B}.Release|Mixed Platforms.Build.0 = Release|Any CPU
		{EA2C1BAD-34E3-4EEB-80AF-CBE49BCBA48B}.Release|x64.ActiveCfg = Release|Any CPU
		{EA2C1BAD-34E3-4EEB-80AF-CBE49BCBA48B}.Release|x86.ActiveCfg = Release|Any CPU
		{EA2C1BAD-34E3-4EEB-80AF-CBE49BCBA48B}.ReleaseXBAP|Any CPU.ActiveCfg = ReleaseXBAP|Any CPU
		{EA2C1BAD-34E3-4EEB-80AF-CBE49BCBA48B}.ReleaseXBAP|Any CPU.Build.0 = ReleaseXBAP|Any CPU
		{EA2C1BAD-34E3-4EEB-80AF-CBE49BCBA48B}.ReleaseXBAP|Mixed Platforms.ActiveCfg = ReleaseXBAP|Any CPU
		{EA2C1BAD-34E3-4EEB-80AF-CBE49BCBA48B}.ReleaseXBAP|Mixed Platforms.Build.0 = ReleaseXBAP|Any CPU
		{EA2C1BAD-34E3-4EEB-80AF-CBE49BCBA48B}.ReleaseXBAP|x64.ActiveCfg = ReleaseXBAP|Any CPU
		{EA2C1BAD-34E3-4EEB-80AF-CBE49BCBA48B}.ReleaseXBAP|x86.ActiveCfg = ReleaseXBAP|Any CPU
		{998659AB-576D-494A-A7A1-F68D3160E5C7}.Debug|Any CPU.ActiveCfg = Debug|x86
		{998659AB-576D-494A-A7A1-F68D3160E5C7}.Debug|Mixed Platforms.ActiveCfg = Debug|x86
		{998659AB-576D-494A-A7A1-F68D3160E5C7}.Debug|Mixed Platforms.Build.0 = Debug|x86
		{998659AB-576D-494A-A7A1-F68D3160E5C7}.Debug|x64.ActiveCfg = Debug|x86
		{998659AB-576D-494A-A7A1-F68D3160E5C7}.Debug|x86.ActiveCfg = Debug|x86
		{998659AB-576D-494A-A7A1-F68D3160E5C7}.Debug|x86.Build.0 = Debug|x86
		{998659AB-576D-494A-A7A1-F68D3160E5C7}.Release|Any CPU.ActiveCfg = Release|x86
		{998659AB-576D-494A-A7A1-F68D3160E5C7}.Release|Mixed Platforms.ActiveCfg = Release|x86
		{998659AB-576D-494A-A7A1-F68D3160E5C7}.Release|Mixed Platforms.Build.0 = Release|x86
		{998659AB-576D-494A-A7A1-F68D3160E5C7}.Release|x64.ActiveCfg = Release|x86
		{998659AB-576D-494A-A7A1-F68D3160E5C7}.Release|x86.ActiveCfg = Release|x86
		{998659AB-576D-494A-A7A1-F68D3160E5C7}.Release|x86.Build.0 = Release|x86
		{998659AB-576D-494A-A7A1-F68D3160E5C7}.ReleaseXBAP|Any CPU.ActiveCfg = Release|x86
		{998659AB-576D-494A-A7A1-F68D3160E5C7}.ReleaseXBAP|Mixed Platforms.ActiveCfg = Release|x86
		{998659AB-576D-494A-A7A1-F68D3160E5C7}.ReleaseXBAP|Mixed Platforms.Build.0 = Release|x86
		{998659AB-576D-494A-A7A1-F68D3160E5C7}.ReleaseXBAP|x64.ActiveCfg = Release|x86
		{998659AB-576D-494A-A7A1-F68D3160E5C7}.ReleaseXBAP|x86.ActiveCfg = Release|x86
		{998659AB-576D-494A-A7A1-F68D3160E5C7}.ReleaseXBAP|x86.Build.0 = Release|x86
		{93337814-49AD-4124-B231-B7CD10C8451F}.Debug|Any CPU.ActiveCfg = Debug|x86
		{93337814-49AD-4124-B231-B7CD10C8451F}.Debug|Mixed Platforms.ActiveCfg = Debug|x86
		{93337814-49AD-4124-B231-B7CD10C8451F}.Debug|Mixed Platforms.Build.0 = Debug|x86
		{93337814-49AD-4124-B231-B7CD10C8451F}.Debug|x64.ActiveCfg = Debug|x86
		{93337814-49AD-4124-B231-B7CD10C8451F}.Debug|x86.ActiveCfg = Debug|x86
		{93337814-49AD-4124-B231-B7CD10C8451F}.Debug|x86.Build.0 = Debug|x86
		{93337814-49AD-4124-B231-B7CD10C8451F}.Release|Any CPU.ActiveCfg = Release|x86
		{93337814-49AD-4124-B231-B7CD10C8451F}.Release|Mixed Platforms.ActiveCfg = Release|x86
		{93337814-49AD-4124-B231-B7CD10C8451F}.Release|Mixed Platforms.Build.0 = Release|x86
		{93337814-49AD-4124-B231-B7CD10C8451F}.Release|x64.ActiveCfg = Release|x86
		{93337814-49AD-4124-B231-B7CD10C8451F}.Release|x86.ActiveCfg = Release|x86
		{93337814-49AD-4124-B231-B7CD10C8451F}.Release|x86.Build.0 = Release|x86
		{93337814-49AD-4124-B231-B7CD10C8451F}.ReleaseXBAP|Any CPU.ActiveCfg = Release|x86
		{93337814-49AD-4124-B231-B7CD10C8451F}.ReleaseXBAP|Mixed Platforms.ActiveCfg = Release|x86
		{93337814-49AD-4124-B231-B7CD10C8451F}.ReleaseXBAP|Mixed Platforms.Build.0 = Release|x86
		{93337814-49AD-4124-B231-B7CD10C8451F}.ReleaseXBAP|x64.ActiveCfg = Release|x86
		{93337814-49AD-4124-B231-B7CD10C8451F}.ReleaseXBAP|x86.ActiveCfg = Release|x86
		{93337814-49AD-4124-B231-B7CD10C8451F}.ReleaseXBAP|x86.Build.0 = Release|x86
		{5F603892-DE40-4246-A969-1C6717AFE35D}.Debug|Any CPU.ActiveCfg = Debug|Any CPU
		{5F603892-DE40-4246-A969-1C6717AFE35D}.Debug|Any CPU.Build.0 = Debug|Any CPU
		{5F603892-DE40-4246-A969-1C6717AFE35D}.Debug|Mixed Platforms.ActiveCfg = Debug|Any CPU
		{5F603892-DE40-4246-A969-1C6717AFE35D}.Debug|Mixed Platforms.Build.0 = Debug|Any CPU
		{5F603892-DE40-4246-A969-1C6717AFE35D}.Debug|x64.ActiveCfg = Debug|Any CPU
		{5F603892-DE40-4246-A969-1C6717AFE35D}.Debug|x86.ActiveCfg = Debug|Any CPU
		{5F603892-DE40-4246-A969-1C6717AFE35D}.Release|Any CPU.ActiveCfg = Release|Any CPU
		{5F603892-DE40-4246-A969-1C6717AFE35D}.Release|Any CPU.Build.0 = Release|Any CPU
		{5F603892-DE40-4246-A969-1C6717AFE35D}.Release|Mixed Platforms.ActiveCfg = Release|Any CPU
		{5F603892-DE40-4246-A969-1C6717AFE35D}.Release|Mixed Platforms.Build.0 = Release|Any CPU
		{5F603892-DE40-4246-A969-1C6717AFE35D}.Release|x64.ActiveCfg = Release|Any CPU
		{5F603892-DE40-4246-A969-1C6717AFE35D}.Release|x86.ActiveCfg = Release|Any CPU
		{5F603892-DE40-4246-A969-1C6717AFE35D}.ReleaseXBAP|Any CPU.ActiveCfg = Release|Any CPU
		{5F603892-DE40-4246-A969-1C6717AFE35D}.ReleaseXBAP|Any CPU.Build.0 = Release|Any CPU
		{5F603892-DE40-4246-A969-1C6717AFE35D}.ReleaseXBAP|Mixed Platforms.ActiveCfg = Release|Any CPU
		{5F603892-DE40-4246-A969-1C6717AFE35D}.ReleaseXBAP|Mixed Platforms.Build.0 = Release|Any CPU
		{5F603892-DE40-4246-A969-1C6717AFE35D}.ReleaseXBAP|x64.ActiveCfg = Release|Any CPU
		{5F603892-DE40-4246-A969-1C6717AFE35D}.ReleaseXBAP|x86.ActiveCfg = Release|Any CPU
		{BEBED159-4DB6-4550-8342-7F3607177B71}.Debug|Any CPU.ActiveCfg = Debug|Any CPU
		{BEBED159-4DB6-4550-8342-7F3607177B71}.Debug|Any CPU.Build.0 = Debug|Any CPU
		{BEBED159-4DB6-4550-8342-7F3607177B71}.Debug|Mixed Platforms.ActiveCfg = Debug|Any CPU
		{BEBED159-4DB6-4550-8342-7F3607177B71}.Debug|Mixed Platforms.Build.0 = Debug|Any CPU
		{BEBED159-4DB6-4550-8342-7F3607177B71}.Debug|x64.ActiveCfg = Debug|Any CPU
		{BEBED159-4DB6-4550-8342-7F3607177B71}.Debug|x86.ActiveCfg = Debug|Any CPU
		{BEBED159-4DB6-4550-8342-7F3607177B71}.Release|Any CPU.ActiveCfg = Release|Any CPU
		{BEBED159-4DB6-4550-8342-7F3607177B71}.Release|Any CPU.Build.0 = Release|Any CPU
		{BEBED159-4DB6-4550-8342-7F3607177B71}.Release|Mixed Platforms.ActiveCfg = Release|Any CPU
		{BEBED159-4DB6-4550-8342-7F3607177B71}.Release|Mixed Platforms.Build.0 = Release|Any CPU
		{BEBED159-4DB6-4550-8342-7F3607177B71}.Release|x64.ActiveCfg = Release|Any CPU
		{BEBED159-4DB6-4550-8342-7F3607177B71}.Release|x86.ActiveCfg = Release|Any CPU
		{BEBED159-4DB6-4550-8342-7F3607177B71}.ReleaseXBAP|Any CPU.ActiveCfg = Release|Any CPU
		{BEBED159-4DB6-4550-8342-7F3607177B71}.ReleaseXBAP|Any CPU.Build.0 = Release|Any CPU
		{BEBED159-4DB6-4550-8342-7F3607177B71}.ReleaseXBAP|Mixed Platforms.ActiveCfg = Release|Any CPU
		{BEBED159-4DB6-4550-8342-7F3607177B71}.ReleaseXBAP|Mixed Platforms.Build.0 = Release|Any CPU
		{BEBED159-4DB6-4550-8342-7F3607177B71}.ReleaseXBAP|x64.ActiveCfg = Release|Any CPU
		{BEBED159-4DB6-4550-8342-7F3607177B71}.ReleaseXBAP|x86.ActiveCfg = Release|Any CPU
		{20589741-4E2E-4A27-9E6C-4F1822DE26F4}.Debug|Any CPU.ActiveCfg = Debug|x86
		{20589741-4E2E-4A27-9E6C-4F1822DE26F4}.Debug|Mixed Platforms.ActiveCfg = Debug|x86
		{20589741-4E2E-4A27-9E6C-4F1822DE26F4}.Debug|Mixed Platforms.Build.0 = Debug|x86
		{20589741-4E2E-4A27-9E6C-4F1822DE26F4}.Debug|x64.ActiveCfg = Debug|x86
		{20589741-4E2E-4A27-9E6C-4F1822DE26F4}.Debug|x86.ActiveCfg = Debug|x86
		{20589741-4E2E-4A27-9E6C-4F1822DE26F4}.Debug|x86.Build.0 = Debug|x86
		{20589741-4E2E-4A27-9E6C-4F1822DE26F4}.Release|Any CPU.ActiveCfg = Release|x86
		{20589741-4E2E-4A27-9E6C-4F1822DE26F4}.Release|Mixed Platforms.ActiveCfg = Release|x86
		{20589741-4E2E-4A27-9E6C-4F1822DE26F4}.Release|Mixed Platforms.Build.0 = Release|x86
		{20589741-4E2E-4A27-9E6C-4F1822DE26F4}.Release|x64.ActiveCfg = Release|x86
		{20589741-4E2E-4A27-9E6C-4F1822DE26F4}.Release|x86.ActiveCfg = Release|x86
		{20589741-4E2E-4A27-9E6C-4F1822DE26F4}.Release|x86.Build.0 = Release|x86
		{20589741-4E2E-4A27-9E6C-4F1822DE26F4}.ReleaseXBAP|Any CPU.ActiveCfg = Release|x86
		{20589741-4E2E-4A27-9E6C-4F1822DE26F4}.ReleaseXBAP|Mixed Platforms.ActiveCfg = Release|x86
		{20589741-4E2E-4A27-9E6C-4F1822DE26F4}.ReleaseXBAP|Mixed Platforms.Build.0 = Release|x86
		{20589741-4E2E-4A27-9E6C-4F1822DE26F4}.ReleaseXBAP|x64.ActiveCfg = Release|x86
		{20589741-4E2E-4A27-9E6C-4F1822DE26F4}.ReleaseXBAP|x86.ActiveCfg = Release|x86
		{20589741-4E2E-4A27-9E6C-4F1822DE26F4}.ReleaseXBAP|x86.Build.0 = Release|x86
		{1EA9CE32-6F46-4C48-AA53-63D115CF5D25}.Debug|Any CPU.ActiveCfg = Debug|x86
		{1EA9CE32-6F46-4C48-AA53-63D115CF5D25}.Debug|Mixed Platforms.ActiveCfg = Debug|x86
		{1EA9CE32-6F46-4C48-AA53-63D115CF5D25}.Debug|Mixed Platforms.Build.0 = Debug|x86
		{1EA9CE32-6F46-4C48-AA53-63D115CF5D25}.Debug|x64.ActiveCfg = Debug|x86
		{1EA9CE32-6F46-4C48-AA53-63D115CF5D25}.Debug|x86.ActiveCfg = Debug|x86
		{1EA9CE32-6F46-4C48-AA53-63D115CF5D25}.Debug|x86.Build.0 = Debug|x86
		{1EA9CE32-6F46-4C48-AA53-63D115CF5D25}.Release|Any CPU.ActiveCfg = Release|x86
		{1EA9CE32-6F46-4C48-AA53-63D115CF5D25}.Release|Mixed Platforms.ActiveCfg = Release|x86
		{1EA9CE32-6F46-4C48-AA53-63D115CF5D25}.Release|Mixed Platforms.Build.0 = Release|x86
		{1EA9CE32-6F46-4C48-AA53-63D115CF5D25}.Release|x64.ActiveCfg = Release|x86
		{1EA9CE32-6F46-4C48-AA53-63D115CF5D25}.Release|x86.ActiveCfg = Release|x86
		{1EA9CE32-6F46-4C48-AA53-63D115CF5D25}.Release|x86.Build.0 = Release|x86
		{1EA9CE32-6F46-4C48-AA53-63D115CF5D25}.ReleaseXBAP|Any CPU.ActiveCfg = Release|x86
		{1EA9CE32-6F46-4C48-AA53-63D115CF5D25}.ReleaseXBAP|Mixed Platforms.ActiveCfg = Release|x86
		{1EA9CE32-6F46-4C48-AA53-63D115CF5D25}.ReleaseXBAP|Mixed Platforms.Build.0 = Release|x86
		{1EA9CE32-6F46-4C48-AA53-63D115CF5D25}.ReleaseXBAP|x64.ActiveCfg = Release|x86
		{1EA9CE32-6F46-4C48-AA53-63D115CF5D25}.ReleaseXBAP|x86.ActiveCfg = Release|x86
		{1EA9CE32-6F46-4C48-AA53-63D115CF5D25}.ReleaseXBAP|x86.Build.0 = Release|x86
		{5A690D7F-99D6-450F-A251-E0D59BF6D67E}.Debug|Any CPU.ActiveCfg = Debug|x86
		{5A690D7F-99D6-450F-A251-E0D59BF6D67E}.Debug|Mixed Platforms.ActiveCfg = Debug|x86
		{5A690D7F-99D6-450F-A251-E0D59BF6D67E}.Debug|Mixed Platforms.Build.0 = Debug|x86
		{5A690D7F-99D6-450F-A251-E0D59BF6D67E}.Debug|x64.ActiveCfg = Debug|x86
		{5A690D7F-99D6-450F-A251-E0D59BF6D67E}.Debug|x86.ActiveCfg = Debug|x86
		{5A690D7F-99D6-450F-A251-E0D59BF6D67E}.Debug|x86.Build.0 = Debug|x86
		{5A690D7F-99D6-450F-A251-E0D59BF6D67E}.Release|Any CPU.ActiveCfg = Release|x86
		{5A690D7F-99D6-450F-A251-E0D59BF6D67E}.Release|Mixed Platforms.ActiveCfg = Release|x86
		{5A690D7F-99D6-450F-A251-E0D59BF6D67E}.Release|Mixed Platforms.Build.0 = Release|x86
		{5A690D7F-99D6-450F-A251-E0D59BF6D67E}.Release|x64.ActiveCfg = Release|x86
		{5A690D7F-99D6-450F-A251-E0D59BF6D67E}.Release|x86.ActiveCfg = Release|x86
		{5A690D7F-99D6-450F-A251-E0D59BF6D67E}.Release|x86.Build.0 = Release|x86
		{5A690D7F-99D6-450F-A251-E0D59BF6D67E}.ReleaseXBAP|Any CPU.ActiveCfg = Release|x86
		{5A690D7F-99D6-450F-A251-E0D59BF6D67E}.ReleaseXBAP|Mixed Platforms.ActiveCfg = Release|x86
		{5A690D7F-99D6-450F-A251-E0D59BF6D67E}.ReleaseXBAP|Mixed Platforms.Build.0 = Release|x86
		{5A690D7F-99D6-450F-A251-E0D59BF6D67E}.ReleaseXBAP|x64.ActiveCfg = Release|x86
		{5A690D7F-99D6-450F-A251-E0D59BF6D67E}.ReleaseXBAP|x86.ActiveCfg = Release|x86
		{5A690D7F-99D6-450F-A251-E0D59BF6D67E}.ReleaseXBAP|x86.Build.0 = Release|x86
		{667D8F84-8420-4DD6-BEC6-2159EFA09311}.Debug|Any CPU.ActiveCfg = Debug|x86
		{667D8F84-8420-4DD6-BEC6-2159EFA09311}.Debug|Mixed Platforms.ActiveCfg = Debug|x86
		{667D8F84-8420-4DD6-BEC6-2159EFA09311}.Debug|Mixed Platforms.Build.0 = Debug|x86
		{667D8F84-8420-4DD6-BEC6-2159EFA09311}.Debug|x64.ActiveCfg = Debug|x86
		{667D8F84-8420-4DD6-BEC6-2159EFA09311}.Debug|x86.ActiveCfg = Debug|x86
		{667D8F84-8420-4DD6-BEC6-2159EFA09311}.Debug|x86.Build.0 = Debug|x86
		{667D8F84-8420-4DD6-BEC6-2159EFA09311}.Release|Any CPU.ActiveCfg = Release|x86
		{667D8F84-8420-4DD6-BEC6-2159EFA09311}.Release|Mixed Platforms.ActiveCfg = Release|x86
		{667D8F84-8420-4DD6-BEC6-2159EFA09311}.Release|Mixed Platforms.Build.0 = Release|x86
		{667D8F84-8420-4DD6-BEC6-2159EFA09311}.Release|x64.ActiveCfg = Release|x86
		{667D8F84-8420-4DD6-BEC6-2159EFA09311}.Release|x86.ActiveCfg = Release|x86
		{667D8F84-8420-4DD6-BEC6-2159EFA09311}.Release|x86.Build.0 = Release|x86
		{667D8F84-8420-4DD6-BEC6-2159EFA09311}.ReleaseXBAP|Any CPU.ActiveCfg = Release|x86
		{667D8F84-8420-4DD6-BEC6-2159EFA09311}.ReleaseXBAP|Mixed Platforms.ActiveCfg = Release|x86
		{667D8F84-8420-4DD6-BEC6-2159EFA09311}.ReleaseXBAP|Mixed Platforms.Build.0 = Release|x86
		{667D8F84-8420-4DD6-BEC6-2159EFA09311}.ReleaseXBAP|x64.ActiveCfg = Release|x86
		{667D8F84-8420-4DD6-BEC6-2159EFA09311}.ReleaseXBAP|x86.ActiveCfg = Release|x86
		{667D8F84-8420-4DD6-BEC6-2159EFA09311}.ReleaseXBAP|x86.Build.0 = Release|x86
		{AA77C6B2-7267-41E0-966A-29538E0B261B}.Debug|Any CPU.ActiveCfg = Debug|x86
		{AA77C6B2-7267-41E0-966A-29538E0B261B}.Debug|Mixed Platforms.ActiveCfg = Debug|x86
		{AA77C6B2-7267-41E0-966A-29538E0B261B}.Debug|Mixed Platforms.Build.0 = Debug|x86
		{AA77C6B2-7267-41E0-966A-29538E0B261B}.Debug|x64.ActiveCfg = Debug|x86
		{AA77C6B2-7267-41E0-966A-29538E0B261B}.Debug|x86.ActiveCfg = Debug|x86
		{AA77C6B2-7267-41E0-966A-29538E0B261B}.Debug|x86.Build.0 = Debug|x86
		{AA77C6B2-7267-41E0-966A-29538E0B261B}.Release|Any CPU.ActiveCfg = Release|x86
		{AA77C6B2-7267-41E0-966A-29538E0B261B}.Release|Mixed Platforms.ActiveCfg = Release|x86
		{AA77C6B2-7267-41E0-966A-29538E0B261B}.Release|Mixed Platforms.Build.0 = Release|x86
		{AA77C6B2-7267-41E0-966A-29538E0B261B}.Release|x64.ActiveCfg = Release|x86
		{AA77C6B2-7267-41E0-966A-29538E0B261B}.Release|x86.ActiveCfg = Release|x86
		{AA77C6B2-7267-41E0-966A-29538E0B261B}.Release|x86.Build.0 = Release|x86
		{AA77C6B2-7267-41E0-966A-29538E0B261B}.ReleaseXBAP|Any CPU.ActiveCfg = Release|x86
		{AA77C6B2-7267-41E0-966A-29538E0B261B}.ReleaseXBAP|Mixed Platforms.ActiveCfg = Release|x86
		{AA77C6B2-7267-41E0-966A-29538E0B261B}.ReleaseXBAP|Mixed Platforms.Build.0 = Release|x86
		{AA77C6B2-7267-41E0-966A-29538E0B261B}.ReleaseXBAP|x64.ActiveCfg = Release|x86
		{AA77C6B2-7267-41E0-966A-29538E0B261B}.ReleaseXBAP|x86.ActiveCfg = Release|x86
		{AA77C6B2-7267-41E0-966A-29538E0B261B}.ReleaseXBAP|x86.Build.0 = Release|x86
		{DD7E5FA0-9D57-405B-9A19-A55E15F93EA4}.Debug|Any CPU.ActiveCfg = Debug|x86
		{DD7E5FA0-9D57-405B-9A19-A55E15F93EA4}.Debug|Mixed Platforms.ActiveCfg = Debug|x86
		{DD7E5FA0-9D57-405B-9A19-A55E15F93EA4}.Debug|Mixed Platforms.Build.0 = Debug|x86
		{DD7E5FA0-9D57-405B-9A19-A55E15F93EA4}.Debug|x64.ActiveCfg = Debug|x86
		{DD7E5FA0-9D57-405B-9A19-A55E15F93EA4}.Debug|x86.ActiveCfg = Debug|x86
		{DD7E5FA0-9D57-405B-9A19-A55E15F93EA4}.Debug|x86.Build.0 = Debug|x86
		{DD7E5FA0-9D57-405B-9A19-A55E15F93EA4}.Release|Any CPU.ActiveCfg = Release|x86
		{DD7E5FA0-9D57-405B-9A19-A55E15F93EA4}.Release|Mixed Platforms.ActiveCfg = Release|x86
		{DD7E5FA0-9D57-405B-9A19-A55E15F93EA4}.Release|Mixed Platforms.Build.0 = Release|x86
		{DD7E5FA0-9D57-405B-9A19-A55E15F93EA4}.Release|x64.ActiveCfg = Release|x86
		{DD7E5FA0-9D57-405B-9A19-A55E15F93EA4}.Release|x86.ActiveCfg = Release|x86
		{DD7E5FA0-9D57-405B-9A19-A55E15F93EA4}.Release|x86.Build.0 = Release|x86
		{DD7E5FA0-9D57-405B-9A19-A55E15F93EA4}.ReleaseXBAP|Any CPU.ActiveCfg = Release|x86
		{DD7E5FA0-9D57-405B-9A19-A55E15F93EA4}.ReleaseXBAP|Mixed Platforms.ActiveCfg = Release|x86
		{DD7E5FA0-9D57-405B-9A19-A55E15F93EA4}.ReleaseXBAP|Mixed Platforms.Build.0 = Release|x86
		{DD7E5FA0-9D57-405B-9A19-A55E15F93EA4}.ReleaseXBAP|x64.ActiveCfg = Release|x86
		{DD7E5FA0-9D57-405B-9A19-A55E15F93EA4}.ReleaseXBAP|x86.ActiveCfg = Release|x86
		{DD7E5FA0-9D57-405B-9A19-A55E15F93EA4}.ReleaseXBAP|x86.Build.0 = Release|x86
		{7B0573AD-3E1F-4903-A948-93A6CF2C511D}.Debug|Any CPU.ActiveCfg = Debug|x86
		{7B0573AD-3E1F-4903-A948-93A6CF2C511D}.Debug|Mixed Platforms.ActiveCfg = Debug|x86
		{7B0573AD-3E1F-4903-A948-93A6CF2C511D}.Debug|Mixed Platforms.Build.0 = Debug|x86
		{7B0573AD-3E1F-4903-A948-93A6CF2C511D}.Debug|x64.ActiveCfg = Debug|x86
		{7B0573AD-3E1F-4903-A948-93A6CF2C511D}.Debug|x86.ActiveCfg = Debug|x86
		{7B0573AD-3E1F-4903-A948-93A6CF2C511D}.Debug|x86.Build.0 = Debug|x86
		{7B0573AD-3E1F-4903-A948-93A6CF2C511D}.Release|Any CPU.ActiveCfg = Release|x86
		{7B0573AD-3E1F-4903-A948-93A6CF2C511D}.Release|Mixed Platforms.ActiveCfg = Release|x86
		{7B0573AD-3E1F-4903-A948-93A6CF2C511D}.Release|Mixed Platforms.Build.0 = Release|x86
		{7B0573AD-3E1F-4903-A948-93A6CF2C511D}.Release|x64.ActiveCfg = Release|x86
		{7B0573AD-3E1F-4903-A948-93A6CF2C511D}.Release|x86.ActiveCfg = Release|x86
		{7B0573AD-3E1F-4903-A948-93A6CF2C511D}.Release|x86.Build.0 = Release|x86
		{7B0573AD-3E1F-4903-A948-93A6CF2C511D}.ReleaseXBAP|Any CPU.ActiveCfg = Release|x86
		{7B0573AD-3E1F-4903-A948-93A6CF2C511D}.ReleaseXBAP|Mixed Platforms.ActiveCfg = Release|x86
		{7B0573AD-3E1F-4903-A948-93A6CF2C511D}.ReleaseXBAP|Mixed Platforms.Build.0 = Release|x86
		{7B0573AD-3E1F-4903-A948-93A6CF2C511D}.ReleaseXBAP|x64.ActiveCfg = Release|x86
		{7B0573AD-3E1F-4903-A948-93A6CF2C511D}.ReleaseXBAP|x86.ActiveCfg = Release|x86
		{7B0573AD-3E1F-4903-A948-93A6CF2C511D}.ReleaseXBAP|x86.Build.0 = Release|x86
		{13E61C20-323B-4052-9F6E-E248B93939F5}.Debug|Any CPU.ActiveCfg = Debug|x86
		{13E61C20-323B-4052-9F6E-E248B93939F5}.Debug|Mixed Platforms.ActiveCfg = Debug|x86
		{13E61C20-323B-4052-9F6E-E248B93939F5}.Debug|Mixed Platforms.Build.0 = Debug|x86
		{13E61C20-323B-4052-9F6E-E248B93939F5}.Debug|x64.ActiveCfg = Debug|x86
		{13E61C20-323B-4052-9F6E-E248B93939F5}.Debug|x86.ActiveCfg = Debug|x86
		{13E61C20-323B-4052-9F6E-E248B93939F5}.Debug|x86.Build.0 = Debug|x86
		{13E61C20-323B-4052-9F6E-E248B93939F5}.Release|Any CPU.ActiveCfg = Release|x86
		{13E61C20-323B-4052-9F6E-E248B93939F5}.Release|Mixed Platforms.ActiveCfg = Release|x86
		{13E61C20-323B-4052-9F6E-E248B93939F5}.Release|Mixed Platforms.Build.0 = Release|x86
		{13E61C20-323B-4052-9F6E-E248B93939F5}.Release|x64.ActiveCfg = Release|x86
		{13E61C20-323B-4052-9F6E-E248B93939F5}.Release|x86.ActiveCfg = Release|x86
		{13E61C20-323B-4052-9F6E-E248B93939F5}.Release|x86.Build.0 = Release|x86
		{13E61C20-323B-4052-9F6E-E248B93939F5}.ReleaseXBAP|Any CPU.ActiveCfg = Release|x86
		{13E61C20-323B-4052-9F6E-E248B93939F5}.ReleaseXBAP|Mixed Platforms.ActiveCfg = Release|x86
		{13E61C20-323B-4052-9F6E-E248B93939F5}.ReleaseXBAP|Mixed Platforms.Build.0 = Release|x86
		{13E61C20-323B-4052-9F6E-E248B93939F5}.ReleaseXBAP|x64.ActiveCfg = Release|x86
		{13E61C20-323B-4052-9F6E-E248B93939F5}.ReleaseXBAP|x86.ActiveCfg = Release|x86
		{13E61C20-323B-4052-9F6E-E248B93939F5}.ReleaseXBAP|x86.Build.0 = Release|x86
		{9C4F99AB-6567-4EA9-8907-8A883FFF511A}.Debug|Any CPU.ActiveCfg = Debug|x86
		{9C4F99AB-6567-4EA9-8907-8A883FFF511A}.Debug|Mixed Platforms.ActiveCfg = Debug|x86
		{9C4F99AB-6567-4EA9-8907-8A883FFF511A}.Debug|Mixed Platforms.Build.0 = Debug|x86
		{9C4F99AB-6567-4EA9-8907-8A883FFF511A}.Debug|x64.ActiveCfg = Debug|x86
		{9C4F99AB-6567-4EA9-8907-8A883FFF511A}.Debug|x86.ActiveCfg = Debug|x86
		{9C4F99AB-6567-4EA9-8907-8A883FFF511A}.Debug|x86.Build.0 = Debug|x86
		{9C4F99AB-6567-4EA9-8907-8A883FFF511A}.Release|Any CPU.ActiveCfg = Release|x86
		{9C4F99AB-6567-4EA9-8907-8A883FFF511A}.Release|Mixed Platforms.ActiveCfg = Release|x86
		{9C4F99AB-6567-4EA9-8907-8A883FFF511A}.Release|Mixed Platforms.Build.0 = Release|x86
		{9C4F99AB-6567-4EA9-8907-8A883FFF511A}.Release|x64.ActiveCfg = Release|x86
		{9C4F99AB-6567-4EA9-8907-8A883FFF511A}.Release|x86.ActiveCfg = Release|x86
		{9C4F99AB-6567-4EA9-8907-8A883FFF511A}.Release|x86.Build.0 = Release|x86
		{9C4F99AB-6567-4EA9-8907-8A883FFF511A}.ReleaseXBAP|Any CPU.ActiveCfg = Release|x86
		{9C4F99AB-6567-4EA9-8907-8A883FFF511A}.ReleaseXBAP|Mixed Platforms.ActiveCfg = Release|x86
		{9C4F99AB-6567-4EA9-8907-8A883FFF511A}.ReleaseXBAP|Mixed Platforms.Build.0 = Release|x86
		{9C4F99AB-6567-4EA9-8907-8A883FFF511A}.ReleaseXBAP|x64.ActiveCfg = Release|x86
		{9C4F99AB-6567-4EA9-8907-8A883FFF511A}.ReleaseXBAP|x86.ActiveCfg = Release|x86
		{9C4F99AB-6567-4EA9-8907-8A883FFF511A}.ReleaseXBAP|x86.Build.0 = Release|x86
	EndGlobalSection
	GlobalSection(SolutionProperties) = preSolution
		HideSolutionNode = FALSE
	EndGlobalSection
	GlobalSection(NestedProjects) = preSolution
		{5B37453D-5AE8-4BD2-92FE-0A3AD9B18848} = {D38ED498-E823-48BD-A491-D3720446865F}
		{EA2C1BAD-34E3-4EEB-80AF-CBE49BCBA48B} = {D38ED498-E823-48BD-A491-D3720446865F}
		{5F603892-DE40-4246-A969-1C6717AFE35D} = {D38ED498-E823-48BD-A491-D3720446865F}
		{BEBED159-4DB6-4550-8342-7F3607177B71} = {D38ED498-E823-48BD-A491-D3720446865F}
		{ECD37682-DF7E-409F-912D-0965634556B5} = {D38ED498-E823-48BD-A491-D3720446865F}
		{998659AB-576D-494A-A7A1-F68D3160E5C7} = {DB1FA79D-D100-462A-A78A-33A2BC88FC71}
		{93337814-49AD-4124-B231-B7CD10C8451F} = {DB1FA79D-D100-462A-A78A-33A2BC88FC71}
		{20589741-4E2E-4A27-9E6C-4F1822DE26F4} = {DB1FA79D-D100-462A-A78A-33A2BC88FC71}
		{99206926-ACD1-4399-AF1B-36E67A7299CF} = {DB1FA79D-D100-462A-A78A-33A2BC88FC71}
		{1EA9CE32-6F46-4C48-AA53-63D115CF5D25} = {DB1FA79D-D100-462A-A78A-33A2BC88FC71}
		{5A690D7F-99D6-450F-A251-E0D59BF6D67E} = {DB1FA79D-D100-462A-A78A-33A2BC88FC71}
		{667D8F84-8420-4DD6-BEC6-2159EFA09311} = {DB1FA79D-D100-462A-A78A-33A2BC88FC71}
		{AA77C6B2-7267-41E0-966A-29538E0B261B} = {DB1FA79D-D100-462A-A78A-33A2BC88FC71}
		{DD7E5FA0-9D57-405B-9A19-A55E15F93EA4} = {DB1FA79D-D100-462A-A78A-33A2BC88FC71}
		{7B0573AD-3E1F-4903-A948-93A6CF2C511D} = {DB1FA79D-D100-462A-A78A-33A2BC88FC71}
		{13E61C20-323B-4052-9F6E-E248B93939F5} = {DB1FA79D-D100-462A-A78A-33A2BC88FC71}
		{9C4F99AB-6567-4EA9-8907-8A883FFF511A} = {DB1FA79D-D100-462A-A78A-33A2BC88FC71}
	EndGlobalSection
EndGlobal
