
Microsoft Visual Studio Solution File, Format Version 11.00
# Visual Studio 2010
Project("{FAE04EC0-301F-11D3-BF4B-00C04F79EFBC}") = "DynamicDataDisplay", "..\..\src\DynamicDataDisplay\DynamicDataDisplay.csproj", "{ECD37682-DF7E-409F-912D-0965634556B5}"
EndProject
Project("{FAE04EC0-301F-11D3-BF4B-00C04F79EFBC}") = "DynamicDataDisplay.Controls", "..\..\src\DynamicDataDisplay.Controls\DynamicDataDisplay.Controls.csproj", "{8AEE9DA5-83F5-401F-8C58-9BAC660A0E6E}"
EndProject
Project("{FAE04EC0-301F-11D3-BF4B-00C04F79EFBC}") = "DynamicDataDisplay.Maps", "..\..\src\DynamicDataDisplay.Maps\DynamicDataDisplay.Maps.csproj", "{EB04A4CD-DDE6-49EB-8FB6-39B35482D792}"
EndProject
Project("{FAE04EC0-301F-11D3-BF4B-00C04F79EFBC}") = "DynamicDataDisplay.Markers", "..\..\src\DynamicDataDisplay.Markers\DynamicDataDisplay.Markers.csproj", "{A5EB794C-7C62-4A0C-A441-ACF7D4074C5D}"
EndProject
Project("{FAE04EC0-301F-11D3-BF4B-00C04F79EFBC}") = "DynamicDataDisplay.Markers2", "..\..\src\DynamicDataDisplay.Markers2\DynamicDataDisplay.Markers2.csproj", "{683A67B5-9C1A-4B8C-9514-EDC0B9FCF31F}"
EndProject
Project("{FAE04EC0-301F-11D3-BF4B-00C04F79EFBC}") = "DynamicDataDisplay.Tests", "..\..\src\DynamicDataDisplay.Tests\DynamicDataDisplay.Tests.csproj", "{EA2C1BAD-34E3-4EEB-80AF-CBE49BCBA48B}"
EndProject
Global
	GlobalSection(SolutionConfigurationPlatforms) = preSolution
		Debug|Any CPU = Debug|Any CPU
		Release|Any CPU = Release|Any CPU
		ReleaseXBAP|Any CPU = ReleaseXBAP|Any CPU
	EndGlobalSection
	GlobalSection(ProjectConfigurationPlatforms) = postSolution
		{ECD37682-DF7E-409F-912D-0965634556B5}.Debug|Any CPU.ActiveCfg = Debug|Any CPU
		{ECD37682-DF7E-409F-912D-0965634556B5}.Debug|Any CPU.Build.0 = Debug|Any CPU
		{ECD37682-DF7E-409F-912D-0965634556B5}.Release|Any CPU.ActiveCfg = Release|Any CPU
		{ECD37682-DF7E-409F-912D-0965634556B5}.Release|Any CPU.Build.0 = Release|Any CPU
		{ECD37682-DF7E-409F-912D-0965634556B5}.ReleaseXBAP|Any CPU.ActiveCfg = ReleaseXBAP|Any CPU
		{ECD37682-DF7E-409F-912D-0965634556B5}.ReleaseXBAP|Any CPU.Build.0 = ReleaseXBAP|Any CPU
		{8AEE9DA5-83F5-401F-8C58-9BAC660A0E6E}.Debug|Any CPU.ActiveCfg = Debug|Any CPU
		{8AEE9DA5-83F5-401F-8C58-9BAC660A0E6E}.Debug|Any CPU.Build.0 = Debug|Any CPU
		{8AEE9DA5-83F5-401F-8C58-9BAC660A0E6E}.Release|Any CPU.ActiveCfg = Release|Any CPU
		{8AEE9DA5-83F5-401F-8C58-9BAC660A0E6E}.Release|Any CPU.Build.0 = Release|Any CPU
		{8AEE9DA5-83F5-401F-8C58-9BAC660A0E6E}.ReleaseXBAP|Any CPU.ActiveCfg = ReleaseXBAP|Any CPU
		{8AEE9DA5-83F5-401F-8C58-9BAC660A0E6E}.ReleaseXBAP|Any CPU.Build.0 = ReleaseXBAP|Any CPU
		{EB04A4CD-DDE6-49EB-8FB6-39B35482D792}.Debug|Any CPU.ActiveCfg = Debug|Any CPU
		{EB04A4CD-DDE6-49EB-8FB6-39B35482D792}.Debug|Any CPU.Build.0 = Debug|Any CPU
		{EB04A4CD-DDE6-49EB-8FB6-39B35482D792}.Release|Any CPU.ActiveCfg = Release|Any CPU
		{EB04A4CD-DDE6-49EB-8FB6-39B35482D792}.Release|Any CPU.Build.0 = Release|Any CPU
		{EB04A4CD-DDE6-49EB-8FB6-39B35482D792}.ReleaseXBAP|Any CPU.ActiveCfg = ReleaseXBAP|Any CPU
		{EB04A4CD-DDE6-49EB-8FB6-39B35482D792}.ReleaseXBAP|Any CPU.Build.0 = ReleaseXBAP|Any CPU
		{A5EB794C-7C62-4A0C-A441-ACF7D4074C5D}.Debug|Any CPU.ActiveCfg = Debug|Any CPU
		{A5EB794C-7C62-4A0C-A441-ACF7D4074C5D}.Debug|Any CPU.Build.0 = Debug|Any CPU
		{A5EB794C-7C62-4A0C-A441-ACF7D4074C5D}.Release|Any CPU.ActiveCfg = Release|Any CPU
		{A5EB794C-7C62-4A0C-A441-ACF7D4074C5D}.Release|Any CPU.Build.0 = Release|Any CPU
		{A5EB794C-7C62-4A0C-A441-ACF7D4074C5D}.ReleaseXBAP|Any CPU.ActiveCfg = ReleaseXBAP|Any CPU
		{A5EB794C-7C62-4A0C-A441-ACF7D4074C5D}.ReleaseXBAP|Any CPU.Build.0 = ReleaseXBAP|Any CPU
		{683A67B5-9C1A-4B8C-9514-EDC0B9FCF31F}.Debug|Any CPU.ActiveCfg = Debug|Any CPU
		{683A67B5-9C1A-4B8C-9514-EDC0B9FCF31F}.Debug|Any CPU.Build.0 = Debug|Any CPU
		{683A67B5-9C1A-4B8C-9514-EDC0B9FCF31F}.Release|Any CPU.ActiveCfg = Release|Any CPU
		{683A67B5-9C1A-4B8C-9514-EDC0B9FCF31F}.Release|Any CPU.Build.0 = Release|Any CPU
		{683A67B5-9C1A-4B8C-9514-EDC0B9FCF31F}.ReleaseXBAP|Any CPU.ActiveCfg = Release|Any CPU
		{683A67B5-9C1A-4B8C-9514-EDC0B9FCF31F}.ReleaseXBAP|Any CPU.Build.0 = Release|Any CPU
		{EA2C1BAD-34E3-4EEB-80AF-CBE49BCBA48B}.Debug|Any CPU.ActiveCfg = Debug|Any CPU
		{EA2C1BAD-34E3-4EEB-80AF-CBE49BCBA48B}.Debug|Any CPU.Build.0 = Debug|Any CPU
		{EA2C1BAD-34E3-4EEB-80AF-CBE49BCBA48B}.Release|Any CPU.ActiveCfg = Release|Any CPU
		{EA2C1BAD-34E3-4EEB-80AF-CBE49BCBA48B}.Release|Any CPU.Build.0 = Release|Any CPU
		{EA2C1BAD-34E3-4EEB-80AF-CBE49BCBA48B}.ReleaseXBAP|Any CPU.ActiveCfg = ReleaseXBAP|Any CPU
		{EA2C1BAD-34E3-4EEB-80AF-CBE49BCBA48B}.ReleaseXBAP|Any CPU.Build.0 = ReleaseXBAP|Any CPU
	EndGlobalSection
	GlobalSection(SolutionProperties) = preSolution
		HideSolutionNode = FALSE
	EndGlobalSection
EndGlobal
